<?xml version="1.0" encoding="UTF-8"?>
<Project ToolsVersion="12.0" xmlns="http://schemas.microsoft.com/developer/msbuild/2003">
  <ItemGroup>
    <ClCompile Include="I:\HCI-557-CG\Deer_Run\main.cpp">
      <Filter>Source Files</Filter>
    </ClCompile>
    <ClCompile Include="I:\HCI-557-CG\gl_common\HCI557Common.cpp">
      <Filter>Source Files</Filter>
    </ClCompile>
    <ClCompile Include="I:\HCI-557-CG\gl_common\controls.cpp">
      <Filter>Source Files</Filter>
    </ClCompile>
    <ClCompile Include="I:\HCI-557-CG\gl_common\CoordSystem.cpp">
      <Filter>Source Files</Filter>
    </ClCompile>
    <ClCompile Include="I:\HCI-557-CG\gl_common\GLObject.cpp">
      <Filter>Source Files</Filter>
    </ClCompile>
    <ClCompile Include="I:\HCI-557-CG\gl_common\GLColoredBox.cpp">
      <Filter>Source Files</Filter>
    </ClCompile>
    <ClCompile Include="I:\HCI-557-CG\gl_common\camera.cpp">
      <Filter>Source Files</Filter>
    </ClCompile>
    <ClCompile Include="I:\HCI-557-CG\gl_common\GLAppearance.cpp">
      <Filter>Source Files</Filter>
    </ClCompile>
    <ClCompile Include="I:\HCI-557-CG\gl_common\GLSphere.cpp">
      <Filter>Source Files</Filter>
    </ClCompile>
    <ClCompile Include="I:\HCI-557-CG\gl_common\Shaders.cpp">
      <Filter>Source Files</Filter>
    </ClCompile>
    <ClCompile Include="I:\HCI-557-CG\gl_common\Plane3D.cpp">
      <Filter>Source Files</Filter>
    </ClCompile>
    <ClCompile Include="I:\HCI-557-CG\gl_common\Sphere3D.cpp">
      <Filter>Source Files</Filter>
    </ClCompile>
    <ClCompile Include="I:\HCI-557-CG\gl_common\Texture.cpp">
      <Filter>Source Files</Filter>
    </ClCompile>
    <ClCompile Include="I:\HCI-557-CG\source\GLBird.cpp">
      <Filter>Source Files</Filter>
    </ClCompile>
  </ItemGroup>
  <ItemGroup>
    <ClInclude Include="I:\HCI-557-CG\gl_common\HCI557Common.h">
      <Filter>Header Files</Filter>
    </ClInclude>
    <ClInclude Include="I:\HCI-557-CG\gl_common\controls.h">
      <Filter>Header Files</Filter>
    </ClInclude>
    <ClInclude Include="I:\HCI-557-CG\gl_common\CoordSystem.h">
      <Filter>Header Files</Filter>
    </ClInclude>
    <ClInclude Include="I:\HCI-557-CG\gl_common\GLObject.h">
      <Filter>Header Files</Filter>
    </ClInclude>
    <ClInclude Include="I:\HCI-557-CG\gl_common\GLColoredBox.h">
      <Filter>Header Files</Filter>
    </ClInclude>
    <ClInclude Include="I:\HCI-557-CG\gl_common\camera.h">
      <Filter>Header Files</Filter>
    </ClInclude>
    <ClInclude Include="I:\HCI-557-CG\gl_common\GLObjects3D.h">
      <Filter>Header Files</Filter>
    </ClInclude>
    <ClInclude Include="I:\HCI-557-CG\gl_common\GLAppearanceBase.h">
      <Filter>Header Files</Filter>
    </ClInclude>
    <ClInclude Include="I:\HCI-557-CG\gl_common\GLAppearance.h">
      <Filter>Header Files</Filter>
    </ClInclude>
    <ClInclude Include="I:\HCI-557-CG\gl_common\GLSphere.h">
      <Filter>Header Files</Filter>
    </ClInclude>
    <ClInclude Include="I:\HCI-557-CG\gl_common\Shaders.h">
      <Filter>Header Files</Filter>
    </ClInclude>
    <ClInclude Include="I:\HCI-557-CG\gl_common\Plane3D.h">
      <Filter>Header Files</Filter>
    </ClInclude>
    <ClInclude Include="I:\HCI-557-CG\gl_common\Sphere3D.h">
      <Filter>Header Files</Filter>
    </ClInclude>
    <ClInclude Include="I:\HCI-557-CG\gl_common\Texture.h">
      <Filter>Header Files</Filter>
    </ClInclude>
    <ClInclude Include="I:\HCI-557-CG\source\GLBird.h">
      <Filter>Header Files</Filter>
    </ClInclude>
  </ItemGroup>
  <ItemGroup>
    <CustomBuild Include="I:\HCI-557-CG\Deer_Run\CMakeLists.txt" />
  </ItemGroup>
  <ItemGroup>
    <Filter Include="Source Files">
      <UniqueIdentifier>{565BD11C-17F9-3F4C-9471-343CEBBAADA2}</UniqueIdentifier>
    </Filter>
    <Filter Include="Header Files">
      <UniqueIdentifier>{7E9A685C-EAD5-31C8-B9A8-847E490F7F8E}</UniqueIdentifier>
    </Filter>
  </ItemGroup>
</Project>
